// !$*UTF8*$!
{
	archiveVersion = 1;
	classes = {
	};
	objectVersion = 46;
	objects = {

/* Begin PBXBuildFile section */
		29A8D18319CC021000A9E8DA /* Foundation.framework in Frameworks */ = {isa = PBXBuildFile; fileRef = 29A8D18219CC021000A9E8DA /* Foundation.framework */; };
		29A8D18519CC021000A9E8DA /* CoreGraphics.framework in Frameworks */ = {isa = PBXBuildFile; fileRef = 29A8D18419CC021000A9E8DA /* CoreGraphics.framework */; };
		29A8D18719CC021000A9E8DA /* UIKit.framework in Frameworks */ = {isa = PBXBuildFile; fileRef = 29A8D18619CC021000A9E8DA /* UIKit.framework */; };
		29A8D18D19CC021000A9E8DA /* InfoPlist.strings in Resources */ = {isa = PBXBuildFile; fileRef = 29A8D18B19CC021000A9E8DA /* InfoPlist.strings */; };
		29A8D18F19CC021000A9E8DA /* main.m in Sources */ = {isa = PBXBuildFile; fileRef = 29A8D18E19CC021000A9E8DA /* main.m */; };
		29A8D19319CC021000A9E8DA /* AppDelegate.m in Sources */ = {isa = PBXBuildFile; fileRef = 29A8D19219CC021000A9E8DA /* AppDelegate.m */; };
		29A8D19619CC021000A9E8DA /* Main_iPhone.storyboard in Resources */ = {isa = PBXBuildFile; fileRef = 29A8D19419CC021000A9E8DA /* Main_iPhone.storyboard */; };
		29A8D19919CC021000A9E8DA /* Main_iPad.storyboard in Resources */ = {isa = PBXBuildFile; fileRef = 29A8D19719CC021000A9E8DA /* Main_iPad.storyboard */; };
		29A8D19C19CC021000A9E8DA /* ViewController.m in Sources */ = {isa = PBXBuildFile; fileRef = 29A8D19B19CC021000A9E8DA /* ViewController.m */; };
		29A8D19E19CC021000A9E8DA /* Images.xcassets in Resources */ = {isa = PBXBuildFile; fileRef = 29A8D19D19CC021000A9E8DA /* Images.xcassets */; };
		29A8D1A519CC021000A9E8DA /* XCTest.framework in Frameworks */ = {isa = PBXBuildFile; fileRef = 29A8D1A419CC021000A9E8DA /* XCTest.framework */; };
		29A8D1A619CC021000A9E8DA /* Foundation.framework in Frameworks */ = {isa = PBXBuildFile; fileRef = 29A8D18219CC021000A9E8DA /* Foundation.framework */; };
		29A8D1A719CC021000A9E8DA /* UIKit.framework in Frameworks */ = {isa = PBXBuildFile; fileRef = 29A8D18619CC021000A9E8DA /* UIKit.framework */; };
		29A8D1AF19CC021000A9E8DA /* InfoPlist.strings in Resources */ = {isa = PBXBuildFile; fileRef = 29A8D1AD19CC021000A9E8DA /* InfoPlist.strings */; };
		29A8D1B119CC021000A9E8DA /* ScrollViewExampleTests.m in Sources */ = {isa = PBXBuildFile; fileRef = 29A8D1B019CC021000A9E8DA /* ScrollViewExampleTests.m */; };
		29A8D1BD19CC032900A9E8DA /* img3.png in Resources */ = {isa = PBXBuildFile; fileRef = 29A8D1BA19CC032900A9E8DA /* img3.png */; };
		29A8D1BE19CC032900A9E8DA /* img2.png in Resources */ = {isa = PBXBuildFile; fileRef = 29A8D1BB19CC032900A9E8DA /* img2.png */; };
		29A8D1BF19CC032900A9E8DA /* img1.png in Resources */ = {isa = PBXBuildFile; fileRef = 29A8D1BC19CC032900A9E8DA /* img1.png */; };
/* End PBXBuildFile section */

/* Begin PBXContainerItemProxy section */
		29A8D1A819CC021000A9E8DA /* PBXContainerItemProxy */ = {
			isa = PBXContainerItemProxy;
			containerPortal = 29A8D17719CC020F00A9E8DA /* Project object */;
			proxyType = 1;
			remoteGlobalIDString = 29A8D17E19CC021000A9E8DA;
			remoteInfo = ScrollViewExample;
		};
/* End PBXContainerItemProxy section */

/* Begin PBXFileReference section */
		29A8D17F19CC021000A9E8DA /* ScrollViewExample.app */ = {isa = PBXFileReference; explicitFileType = wrapper.application; includeInIndex = 0; path = ScrollViewExample.app; sourceTree = BUILT_PRODUCTS_DIR; };
		29A8D18219CC021000A9E8DA /* Foundation.framework */ = {isa = PBXFileReference; lastKnownFileType = wrapper.framework; name = Foundation.framework; path = System/Library/Frameworks/Foundation.framework; sourceTree = SDKROOT; };
		29A8D18419CC021000A9E8DA /* CoreGraphics.framework */ = {isa = PBXFileReference; lastKnownFileType = wrapper.framework; name = CoreGraphics.framework; path = System/Library/Frameworks/CoreGraphics.framework; sourceTree = SDKROOT; };
		29A8D18619CC021000A9E8DA /* UIKit.framework */ = {isa = PBXFileReference; lastKnownFileType = wrapper.framework; name = UIKit.framework; path = System/Library/Frameworks/UIKit.framework; sourceTree = SDKROOT; };
		29A8D18A19CC021000A9E8DA /* ScrollViewExample-Info.plist */ = {isa = PBXFileReference; lastKnownFileType = text.plist.xml; path = "ScrollViewExample-Info.plist"; sourceTree = "<group>"; };
		29A8D18C19CC021000A9E8DA /* en */ = {isa = PBXFileReference; lastKnownFileType = text.plist.strings; name = en; path = en.lproj/InfoPlist.strings; sourceTree = "<group>"; };
		29A8D18E19CC021000A9E8DA /* main.m */ = {isa = PBXFileReference; lastKnownFileType = sourcecode.c.objc; path = main.m; sourceTree = "<group>"; };
		29A8D19019CC021000A9E8DA /* ScrollViewExample-Prefix.pch */ = {isa = PBXFileReference; lastKnownFileType = sourcecode.c.h; path = "ScrollViewExample-Prefix.pch"; sourceTree = "<group>"; };
		29A8D19119CC021000A9E8DA /* AppDelegate.h */ = {isa = PBXFileReference; lastKnownFileType = sourcecode.c.h; path = AppDelegate.h; sourceTree = "<group>"; };
		29A8D19219CC021000A9E8DA /* AppDelegate.m */ = {isa = PBXFileReference; lastKnownFileType = sourcecode.c.objc; path = AppDelegate.m; sourceTree = "<group>"; };
		29A8D19519CC021000A9E8DA /* Base */ = {isa = PBXFileReference; lastKnownFileType = file.storyboard; name = Base; path = Base.lproj/Main_iPhone.storyboard; sourceTree = "<group>"; };
		29A8D19819CC021000A9E8DA /* Base */ = {isa = PBXFileReference; lastKnownFileType = file.storyboard; name = Base; path = Base.lproj/Main_iPad.storyboard; sourceTree = "<group>"; };
		29A8D19A19CC021000A9E8DA /* ViewController.h */ = {isa = PBXFileReference; lastKnownFileType = sourcecode.c.h; path = ViewController.h; sourceTree = "<group>"; };
		29A8D19B19CC021000A9E8DA /* ViewController.m */ = {isa = PBXFileReference; lastKnownFileType = sourcecode.c.objc; path = ViewController.m; sourceTree = "<group>"; };
		29A8D19D19CC021000A9E8DA /* Images.xcassets */ = {isa = PBXFileReference; lastKnownFileType = folder.assetcatalog; path = Images.xcassets; sourceTree = "<group>"; };
		29A8D1A319CC021000A9E8DA /* ScrollViewExampleTests.xctest */ = {isa = PBXFileReference; explicitFileType = wrapper.cfbundle; includeInIndex = 0; path = ScrollViewExampleTests.xctest; sourceTree = BUILT_PRODUCTS_DIR; };
		29A8D1A419CC021000A9E8DA /* XCTest.framework */ = {isa = PBXFileReference; lastKnownFileType = wrapper.framework; name = XCTest.framework; path = Library/Frameworks/XCTest.framework; sourceTree = DEVELOPER_DIR; };
		29A8D1AC19CC021000A9E8DA /* ScrollViewExampleTests-Info.plist */ = {isa = PBXFileReference; lastKnownFileType = text.plist.xml; path = "ScrollViewExampleTests-Info.plist"; sourceTree = "<group>"; };
		29A8D1AE19CC021000A9E8DA /* en */ = {isa = PBXFileReference; lastKnownFileType = text.plist.strings; name = en; path = en.lproj/InfoPlist.strings; sourceTree = "<group>"; };
		29A8D1B019CC021000A9E8DA /* ScrollViewExampleTests.m */ = {isa = PBXFileReference; lastKnownFileType = sourcecode.c.objc; path = ScrollViewExampleTests.m; sourceTree = "<group>"; };
		29A8D1BA19CC032900A9E8DA /* img3.png */ = {isa = PBXFileReference; lastKnownFileType = image.png; path = img3.png; sourceTree = "<group>"; };
		29A8D1BB19CC032900A9E8DA /* img2.png */ = {isa = PBXFileReference; lastKnownFileType = image.png; path = img2.png; sourceTree = "<group>"; };
		29A8D1BC19CC032900A9E8DA /* img1.png */ = {isa = PBXFileReference; lastKnownFileType = image.png; path = img1.png; sourceTree = "<group>"; };
/* End PBXFileReference section */

/* Begin PBXFrameworksBuildPhase section */
		29A8D17C19CC021000A9E8DA /* Frameworks */ = {
			isa = PBXFrameworksBuildPhase;
			buildActionMask = 2147483647;
			files = (
				29A8D18519CC021000A9E8DA /* CoreGraphics.framework in Frameworks */,
				29A8D18719CC021000A9E8DA /* UIKit.framework in Frameworks */,
				29A8D18319CC021000A9E8DA /* Foundation.framework in Frameworks */,
			);
			runOnlyForDeploymentPostprocessing = 0;
		};
		29A8D1A019CC021000A9E8DA /* Frameworks */ = {
			isa = PBXFrameworksBuildPhase;
			buildActionMask = 2147483647;
			files = (
				29A8D1A519CC021000A9E8DA /* XCTest.framework in Frameworks */,
				29A8D1A719CC021000A9E8DA /* UIKit.framework in Frameworks */,
				29A8D1A619CC021000A9E8DA /* Foundation.framework in Frameworks */,
			);
			runOnlyForDeploymentPostprocessing = 0;
		};
/* End PBXFrameworksBuildPhase section */

/* Begin PBXGroup section */
		29A8D17619CC020F00A9E8DA = {
			isa = PBXGroup;
			children = (
				29A8D18819CC021000A9E8DA /* ScrollViewExample */,
				29A8D1AA19CC021000A9E8DA /* ScrollViewExampleTests */,
				29A8D18119CC021000A9E8DA /* Frameworks */,
				29A8D18019CC021000A9E8DA /* Products */,
			);
			sourceTree = "<group>";
		};
		29A8D18019CC021000A9E8DA /* Products */ = {
			isa = PBXGroup;
			children = (
				29A8D17F19CC021000A9E8DA /* ScrollViewExample.app */,
				29A8D1A319CC021000A9E8DA /* ScrollViewExampleTests.xctest */,
			);
			name = Products;
			sourceTree = "<group>";
		};
		29A8D18119CC021000A9E8DA /* Frameworks */ = {
			isa = PBXGroup;
			children = (
				29A8D18219CC021000A9E8DA /* Foundation.framework */,
				29A8D18419CC021000A9E8DA /* CoreGraphics.framework */,
				29A8D18619CC021000A9E8DA /* UIKit.framework */,
				29A8D1A419CC021000A9E8DA /* XCTest.framework */,
			);
			name = Frameworks;
			sourceTree = "<group>";
		};
		29A8D18819CC021000A9E8DA /* ScrollViewExample */ = {
			isa = PBXGroup;
			children = (
				29A8D1BA19CC032900A9E8DA /* img3.png */,
				29A8D1BB19CC032900A9E8DA /* img2.png */,
				29A8D1BC19CC032900A9E8DA /* img1.png */,
				29A8D19119CC021000A9E8DA /* AppDelegate.h */,
				29A8D19219CC021000A9E8DA /* AppDelegate.m */,
				29A8D19419CC021000A9E8DA /* Main_iPhone.storyboard */,
				29A8D19719CC021000A9E8DA /* Main_iPad.storyboard */,
				29A8D19A19CC021000A9E8DA /* ViewController.h */,
				29A8D19B19CC021000A9E8DA /* ViewController.m */,
				29A8D19D19CC021000A9E8DA /* Images.xcassets */,
				29A8D18919CC021000A9E8DA /* Supporting Files */,
			);
			path = ScrollViewExample;
			sourceTree = "<group>";
		};
		29A8D18919CC021000A9E8DA /* Supporting Files */ = {
			isa = PBXGroup;
			children = (
				29A8D18A19CC021000A9E8DA /* ScrollViewExample-Info.plist */,
				29A8D18B19CC021000A9E8DA /* InfoPlist.strings */,
				29A8D18E19CC021000A9E8DA /* main.m */,
				29A8D19019CC021000A9E8DA /* ScrollViewExample-Prefix.pch */,
			);
			name = "Supporting Files";
			sourceTree = "<group>";
		};
		29A8D1AA19CC021000A9E8DA /* ScrollViewExampleTests */ = {
			isa = PBXGroup;
			children = (
				29A8D1B019CC021000A9E8DA /* ScrollViewExampleTests.m */,
				29A8D1AB19CC021000A9E8DA /* Supporting Files */,
			);
			path = ScrollViewExampleTests;
			sourceTree = "<group>";
		};
		29A8D1AB19CC021000A9E8DA /* Supporting Files */ = {
			isa = PBXGroup;
			children = (
				29A8D1AC19CC021000A9E8DA /* ScrollViewExampleTests-Info.plist */,
				29A8D1AD19CC021000A9E8DA /* InfoPlist.strings */,
			);
			name = "Supporting Files";
			sourceTree = "<group>";
		};
/* End PBXGroup section */

/* Begin PBXNativeTarget section */
		29A8D17E19CC021000A9E8DA /* ScrollViewExample */ = {
			isa = PBXNativeTarget;
			buildConfigurationList = 29A8D1B419CC021000A9E8DA /* Build configuration list for PBXNativeTarget "ScrollViewExample" */;
			buildPhases = (
				29A8D17B19CC021000A9E8DA /* Sources */,
				29A8D17C19CC021000A9E8DA /* Frameworks */,
				29A8D17D19CC021000A9E8DA /* Resources */,
			);
			buildRules = (
			);
			dependencies = (
			);
			name = ScrollViewExample;
			productName = ScrollViewExample;
			productReference = 29A8D17F19CC021000A9E8DA /* ScrollViewExample.app */;
			productType = "com.apple.product-type.application";
		};
		29A8D1A219CC021000A9E8DA /* ScrollViewExampleTests */ = {
			isa = PBXNativeTarget;
			buildConfigurationList = 29A8D1B719CC021000A9E8DA /* Build configuration list for PBXNativeTarget "ScrollViewExampleTests" */;
			buildPhases = (
				29A8D19F19CC021000A9E8DA /* Sources */,
				29A8D1A019CC021000A9E8DA /* Frameworks */,
				29A8D1A119CC021000A9E8DA /* Resources */,
			);
			buildRules = (
			);
			dependencies = (
				29A8D1A919CC021000A9E8DA /* PBXTargetDependency */,
			);
			name = ScrollViewExampleTests;
			productName = ScrollViewExampleTests;
			productReference = 29A8D1A319CC021000A9E8DA /* ScrollViewExampleTests.xctest */;
			productType = "com.apple.product-type.bundle.unit-test";
		};
/* End PBXNativeTarget section */

/* Begin PBXProject section */
		29A8D17719CC020F00A9E8DA /* Project object */ = {
			isa = PBXProject;
			attributes = {
				LastUpgradeCheck = 0510;
				ORGANIZATIONNAME = "___FULLUSERNAME___";
				TargetAttributes = {
					29A8D1A219CC021000A9E8DA = {
						TestTargetID = 29A8D17E19CC021000A9E8DA;
					};
				};
			};
			buildConfigurationList = 29A8D17A19CC020F00A9E8DA /* Build configuration list for PBXProject "ScrollViewExample" */;
			compatibilityVersion = "Xcode 3.2";
			developmentRegion = English;
			hasScannedForEncodings = 0;
			knownRegions = (
				en,
				Base,
			);
			mainGroup = 29A8D17619CC020F00A9E8DA;
			productRefGroup = 29A8D18019CC021000A9E8DA /* Products */;
			projectDirPath = "";
			projectRoot = "";
			targets = (
				29A8D17E19CC021000A9E8DA /* ScrollViewExample */,
				29A8D1A219CC021000A9E8DA /* ScrollViewExampleTests */,
			);
		};
/* End PBXProject section */

/* Begin PBXResourcesBuildPhase section */
		29A8D17D19CC021000A9E8DA /* Resources */ = {
			isa = PBXResourcesBuildPhase;
			buildActionMask = 2147483647;
			files = (
				29A8D19919CC021000A9E8DA /* Main_iPad.storyboard in Resources */,
				29A8D1BD19CC032900A9E8DA /* img3.png in Resources */,
				29A8D1BF19CC032900A9E8DA /* img1.png in Resources */,
				29A8D1BE19CC032900A9E8DA /* img2.png in Resources */,
				29A8D19E19CC021000A9E8DA /* Images.xcassets in Resources */,
				29A8D19619CC021000A9E8DA /* Main_iPhone.storyboard in Resources */,
				29A8D18D19CC021000A9E8DA /* InfoPlist.strings in Resources */,
			);
			runOnlyForDeploymentPostprocessing = 0;
		};
		29A8D1A119CC021000A9E8DA /* Resources */ = {
			isa = PBXResourcesBuildPhase;
			buildActionMask = 2147483647;
			files = (
				29A8D1AF19CC021000A9E8DA /* InfoPlist.strings in Resources */,
			);
			runOnlyForDeploymentPostprocessing = 0;
		};
/* End PBXResourcesBuildPhase section */

/* Begin PBXSourcesBuildPhase section */
		29A8D17B19CC021000A9E8DA /* Sources */ = {
			isa = PBXSourcesBuildPhase;
			buildActionMask = 2147483647;
			files = (
				29A8D19C19CC021000A9E8DA /* ViewController.m in Sources */,
				29A8D19319CC021000A9E8DA /* AppDelegate.m in Sources */,
				29A8D18F19CC021000A9E8DA /* main.m in Sources */,
			);
			runOnlyForDeploymentPostprocessing = 0;
		};
		29A8D19F19CC021000A9E8DA /* Sources */ = {
			isa = PBXSourcesBuildPhase;
			buildActionMask = 2147483647;
			files = (
				29A8D1B119CC021000A9E8DA /* ScrollViewExampleTests.m in Sources */,
			);
			runOnlyForDeploymentPostprocessing = 0;
		};
/* End PBXSourcesBuildPhase section */

/* Begin PBXTargetDependency section */
		29A8D1A919CC021000A9E8DA /* PBXTargetDependency */ = {
			isa = PBXTargetDependency;
			target = 29A8D17E19CC021000A9E8DA /* ScrollViewExample */;
			targetProxy = 29A8D1A819CC021000A9E8DA /* PBXContainerItemProxy */;
		};
/* End PBXTargetDependency section */

/* Begin PBXVariantGroup section */
		29A8D18B19CC021000A9E8DA /* InfoPlist.strings */ = {
			isa = PBXVariantGroup;
			children = (
				29A8D18C19CC021000A9E8DA /* en */,
			);
			name = InfoPlist.strings;
			sourceTree = "<group>";
		};
		29A8D19419CC021000A9E8DA /* Main_iPhone.storyboard */ = {
			isa = PBXVariantGroup;
			children = (
				29A8D19519CC021000A9E8DA /* Base */,
			);
			name = Main_iPhone.storyboard;
			sourceTree = "<group>";
		};
		29A8D19719CC021000A9E8DA /* Main_iPad.storyboard */ = {
			isa = PBXVariantGroup;
			children = (
				29A8D19819CC021000A9E8DA /* Base */,
			);
			name = Main_iPad.storyboard;
			sourceTree = "<group>";
		};
		29A8D1AD19CC021000A9E8DA /* InfoPlist.strings */ = {
			isa = PBXVariantGroup;
			children = (
				29A8D1AE19CC021000A9E8DA /* en */,
			);
			name = InfoPlist.strings;
			sourceTree = "<group>";
		};
/* End PBXVariantGroup section */

/* Begin XCBuildConfiguration section */
		29A8D1B219CC021000A9E8DA /* Debug */ = {
			isa = XCBuildConfiguration;
			buildSettings = {
				ALWAYS_SEARCH_USER_PATHS = NO;
				CLANG_CXX_LANGUAGE_STANDARD = "gnu++0x";
				CLANG_CXX_LIBRARY = "libc++";
				CLANG_ENABLE_MODULES = YES;
				CLANG_ENABLE_OBJC_ARC = YES;
				CLANG_WARN_BOOL_CONVERSION = YES;
				CLANG_WARN_CONSTANT_CONVERSION = YES;
				CLANG_WARN_DIRECT_OBJC_ISA_USAGE = YES_ERROR;
				CLANG_WARN_EMPTY_BODY = YES;
				CLANG_WARN_ENUM_CONVERSION = YES;
				CLANG_WARN_INT_CONVERSION = YES;
				CLANG_WARN_OBJC_ROOT_CLASS = YES_ERROR;
				CLANG_WARN__DUPLICATE_METHOD_MATCH = YES;
				"CODE_SIGN_IDENTITY[sdk=iphoneos*]" = "iPhone Developer";
				COPY_PHASE_STRIP = NO;
				GCC_C_LANGUAGE_STANDARD = gnu99;
				GCC_DYNAMIC_NO_PIC = NO;
				GCC_OPTIMIZATION_LEVEL = 0;
				GCC_PREPROCESSOR_DEFINITIONS = (
					"DEBUG=1",
					"$(inherited)",
				);
				GCC_SYMBOLS_PRIVATE_EXTERN = NO;
				GCC_WARN_64_TO_32_BIT_CONVERSION = YES;
				GCC_WARN_ABOUT_RETURN_TYPE = YES_ERROR;
				GCC_WARN_UNDECLARED_SELECTOR = YES;
				GCC_WARN_UNINITIALIZED_AUTOS = YES_AGGRESSIVE;
				GCC_WARN_UNUSED_FUNCTION = YES;
				GCC_WARN_UNUSED_VARIABLE = YES;
				IPHONEOS_DEPLOYMENT_TARGET = 7.1;
				ONLY_ACTIVE_ARCH = YES;
				SDKROOT = iphoneos;
				TARGETED_DEVICE_FAMILY = "1,2";
			};
			name = Debug;
		};
		29A8D1B319CC021000A9E8DA /* Release */ = {
			isa = XCBuildConfiguration;
			buildSettings = {
				ALWAYS_SEARCH_USER_PATHS = NO;
				CLANG_CXX_LANGUAGE_STANDARD = "gnu++0x";
				CLANG_CXX_LIBRARY = "libc++";
				CLANG_ENABLE_MODULES = YES;
				CLANG_ENABLE_OBJC_ARC = YES;
				CLANG_WARN_BOOL_CONVERSION = YES;
				CLANG_WARN_CONSTANT_CONVERSION = YES;
				CLANG_WARN_DIRECT_OBJC_ISA_USAGE = YES_ERROR;
				CLANG_WARN_EMPTY_BODY = YES;
				CLANG_WARN_ENUM_CONVERSION = YES;
				CLANG_WARN_INT_CONVERSION = YES;
				CLANG_WARN_OBJC_ROOT_CLASS = YES_ERROR;
				CLANG_WARN__DUPLICATE_METHOD_MATCH = YES;
				"CODE_SIGN_IDENTITY[sdk=iphoneos*]" = "iPhone Developer";
				COPY_PHASE_STRIP = YES;
				ENABLE_NS_ASSERTIONS = NO;
				GCC_C_LANGUAGE_STANDARD = gnu99;
				GCC_WARN_64_TO_32_BIT_CONVERSION = YES;
				GCC_WARN_ABOUT_RETURN_TYPE = YES_ERROR;
				GCC_WARN_UNDECLARED_SELECTOR = YES;
				GCC_WARN_UNINITIALIZED_AUTOS = YES_AGGRESSIVE;
				GCC_WARN_UNUSED_FUNCTION = YES;
				GCC_WARN_UNUSED_VARIABLE = YES;
				IPHONEOS_DEPLOYMENT_TARGET = 7.1;
				SDKROOT = iphoneos;
				TARGETED_DEVICE_FAMILY = "1,2";
				VALIDATE_PRODUCT = YES;
			};
			name = Release;
		};
		29A8D1B519CC021000A9E8DA /* Debug */ = {
			isa = XCBuildConfiguration;
			buildSettings = {
				ASSETCATALOG_COMPILER_APPICON_NAME = AppIcon;
				ASSETCATALOG_COMPILER_LAUNCHIMAGE_NAME = LaunchImage;
				GCC_PRECOMPILE_PREFIX_HEADER = YES;
				GCC_PREFIX_HEADER = "ScrollViewExample/ScrollViewExample-Prefix.pch";
				INFOPLIST_FILE = "ScrollViewExample/ScrollViewExample-Info.plist";
				PRODUCT_NAME = "$(TARGET_NAME)";
				WRAPPER_EXTENSION = app;
			};
			name = Debug;
		};
		29A8D1B619CC021000A9E8DA /* Release */ = {
			isa = XCBuildConfiguration;
			buildSettings = {
				ASSETCATALOG_COMPILER_APPICON_NAME = AppIcon;
				ASSETCATALOG_COMPILER_LAUNCHIMAGE_NAME = LaunchImage;
				GCC_PRECOMPILE_PREFIX_HEADER = YES;
				GCC_PREFIX_HEADER = "ScrollViewExample/ScrollViewExample-Prefix.pch";
				INFOPLIST_FILE = "ScrollViewExample/ScrollViewExample-Info.plist";
				PRODUCT_NAME = "$(TARGET_NAME)";
				WRAPPER_EXTENSION = app;
			};
			name = Release;
		};
		29A8D1B819CC021000A9E8DA /* Debug */ = {
			isa = XCBuildConfiguration;
			buildSettings = {
				BUNDLE_LOADER = "$(BUILT_PRODUCTS_DIR)/ScrollViewExample.app/ScrollViewExample";
				FRAMEWORK_SEARCH_PATHS = (
					"$(SDKROOT)/Developer/Library/Frameworks",
					"$(inherited)",
					"$(DEVELOPER_FRAMEWORKS_DIR)",
				);
				GCC_PRECOMPILE_PREFIX_HEADER = YES;
				GCC_PREFIX_HEADER = "ScrollViewExample/ScrollViewExample-Prefix.pch";
				GCC_PREPROCESSOR_DEFINITIONS = (
					"DEBUG=1",
					"$(inherited)",
				);
				INFOPLIST_FILE = "ScrollViewExampleTests/ScrollViewExampleTests-Info.plist";
				PRODUCT_NAME = "$(TARGET_NAME)";
				TEST_HOST = "$(BUNDLE_LOADER)";
				WRAPPER_EXTENSION = xctest;
			};
			name = Debug;
		};
		29A8D1B919CC021000A9E8DA /* Release */ = {
			isa = XCBuildConfiguration;
			buildSettings = {
				BUNDLE_LOADER = "$(BUILT_PRODUCTS_DIR)/ScrollViewExample.app/ScrollViewExample";
				FRAMEWORK_SEARCH_PATHS = (
					"$(SDKROOT)/Developer/Library/Frameworks",
					"$(inherited)",
					"$(DEVELOPER_FRAMEWORKS_DIR)",
				);
				GCC_PRECOMPILE_PREFIX_HEADER = YES;
				GCC_PREFIX_HEADER = "ScrollViewExample/ScrollViewExample-Prefix.pch";
				INFOPLIST_FILE = "ScrollViewExampleTests/ScrollViewExampleTests-Info.plist";
				PRODUCT_NAME = "$(TARGET_NAME)";
				TEST_HOST = "$(BUNDLE_LOADER)";
				WRAPPER_EXTENSION = xctest;
			};
			name = Release;
		};
/* End XCBuildConfiguration section */

/* Begin XCConfigurationList section */
		29A8D17A19CC020F00A9E8DA /* Build configuration list for PBXProject "ScrollViewExample" */ = {
			isa = XCConfigurationList;
			buildConfigurations = (
				29A8D1B219CC021000A9E8DA /* Debug */,
				29A8D1B319CC021000A9E8DA /* Release */,
			);
			defaultConfigurationIsVisible = 0;
			defaultConfigurationName = Release;
		};
		29A8D1B419CC021000A9E8DA /* Build configuration list for PBXNativeTarget "ScrollViewExample" */ = {
			isa = XCConfigurationList;
			buildConfigurations = (
				29A8D1B519CC021000A9E8DA /* Debug */,
				29A8D1B619CC021000A9E8DA /* Release */,
			);
			defaultConfigurationIsVisible = 0;
		};
		29A8D1B719CC021000A9E8DA /* Build configuration list for PBXNativeTarget "ScrollViewExampleTests" */ = {
			isa = XCConfigurationList;
			buildConfigurations = (
				29A8D1B819CC021000A9E8DA /* Debug */,
				29A8D1B919CC021000A9E8DA /* Release */,
			);
			defaultConfigurationIsVisible = 0;
		};
/* End XCConfigurationList section */
	};
	rootObject = 29A8D17719CC020F00A9E8DA /* Project object */;
}
